
Microsoft Visual Studio Solution File, Format Version 12.00
# Visual Studio 15
VisualStudioVersion = 15.0.28010.2016
MinimumVisualStudioVersion = 10.0.40219.1
Project("{FAE04EC0-301F-11D3-BF4B-00C04F79EFBC}") = "ClassLibrary1", "ClassLibrary1\ClassLibrary1.csproj", "{16E67934-5705-4AC5-BBFF-8721EEEA1D32}"
EndProject
Global
	GlobalSection(SolutionConfigurationPlatforms) = preSolution
		Debug|Any CPU = Debug|Any CPU
		Release|Any CPU = Release|Any CPU
	EndGlobalSection
	GlobalSection(ProjectConfigurationPlatforms) = postSolution
		{16E67934-5705-4AC5-BBFF-8721EEEA1D32}.Debug|Any CPU.ActiveCfg = Debug|Any CPU
		{16E67934-5705-4AC5-BBFF-8721EEEA1D32}.Debug|Any CPU.Build.0 = Debug|Any CPU
		{16E67934-5705-4AC5-BBFF-8721EEEA1D32}.Release|Any CPU.ActiveCfg = Release|Any CPU
		{16E67934-5705-4AC5-BBFF-8721EEEA1D32}.Release|Any CPU.Build.0 = Release|Any CPU
	EndGlobalSection
	GlobalSection(SolutionProperties) = preSolution
		HideSolutionNode = FALSE
	EndGlobalSection
	GlobalSection(ExtensibilityGlobals) = postSolution
		SolutionGuid = {8E7CF69F-C8D0-4E2A-9EF5-7EDBF964E4B9}
	EndGlobalSection
EndGlobal
